
Microsoft Visual Studio Solution File, Format Version 12.00
# Visual Studio 15
VisualStudioVersion = 15.0.28307.329
MinimumVisualStudioVersion = 10.0.40219.1
Project("{8BC9CEB8-8B4A-11D0-8D11-00A0C91BC942}") = "Bubble_sort", "Bubble_sort\Bubble_sort.vcxproj", "{DFA572B9-7AB1-4400-8A56-AD4FE685B7AA}"
EndProject
Project("{8BC9CEB8-8B4A-11D0-8D11-00A0C91BC942}") = "Selection_Sort", "Selection_Sort\Selection_Sort.vcxproj", "{73A6B513-6C39-4326-8F09-CDA0A33EA806}"
EndProject
Project("{8BC9CEB8-8B4A-11D0-8D11-00A0C91BC942}") = "Insertion_Sort", "Insertion_Sort\Insertion_Sort.vcxproj", "{8D8DC4B5-F6CD-427B-A456-6D7283953C5C}"
EndProject
Global
	GlobalSection(SolutionConfigurationPlatforms) = preSolution
		Debug|x64 = Debug|x64
		Debug|x86 = Debug|x86
		Release|x64 = Release|x64
		Release|x86 = Release|x86
	EndGlobalSection
	GlobalSection(ProjectConfigurationPlatforms) = postSolution
		{DFA572B9-7AB1-4400-8A56-AD4FE685B7AA}.Debug|x64.ActiveCfg = Debug|x64
		{DFA572B9-7AB1-4400-8A56-AD4FE685B7AA}.Debug|x64.Build.0 = Debug|x64
		{DFA572B9-7AB1-4400-8A56-AD4FE685B7AA}.Debug|x86.ActiveCfg = Debug|Win32
		{DFA572B9-7AB1-4400-8A56-AD4FE685B7AA}.Debug|x86.Build.0 = Debug|Win32
		{DFA572B9-7AB1-4400-8A56-AD4FE685B7AA}.Release|x64.ActiveCfg = Release|x64
		{DFA572B9-7AB1-4400-8A56-AD4FE685B7AA}.Release|x64.Build.0 = Release|x64
		{DFA572B9-7AB1-4400-8A56-AD4FE685B7AA}.Release|x86.ActiveCfg = Release|Win32
		{DFA572B9-7AB1-4400-8A56-AD4FE685B7AA}.Release|x86.Build.0 = Release|Win32
		{73A6B513-6C39-4326-8F09-CDA0A33EA806}.Debug|x64.ActiveCfg = Debug|x64
		{73A6B513-6C39-4326-8F09-CDA0A33EA806}.Debug|x64.Build.0 = Debug|x64
		{73A6B513-6C39-4326-8F09-CDA0A33EA806}.Debug|x86.ActiveCfg = Debug|Win32
		{73A6B513-6C39-4326-8F09-CDA0A33EA806}.Debug|x86.Build.0 = Debug|Win32
		{73A6B513-6C39-4326-8F09-CDA0A33EA806}.Release|x64.ActiveCfg = Release|x64
		{73A6B513-6C39-4326-8F09-CDA0A33EA806}.Release|x64.Build.0 = Release|x64
		{73A6B513-6C39-4326-8F09-CDA0A33EA806}.Release|x86.ActiveCfg = Release|Win32
		{73A6B513-6C39-4326-8F09-CDA0A33EA806}.Release|x86.Build.0 = Release|Win32
		{8D8DC4B5-F6CD-427B-A456-6D7283953C5C}.Debug|x64.ActiveCfg = Debug|x64
		{8D8DC4B5-F6CD-427B-A456-6D7283953C5C}.Debug|x64.Build.0 = Debug|x64
		{8D8DC4B5-F6CD-427B-A456-6D7283953C5C}.Debug|x86.ActiveCfg = Debug|Win32
		{8D8DC4B5-F6CD-427B-A456-6D7283953C5C}.Debug|x86.Build.0 = Debug|Win32
		{8D8DC4B5-F6CD-427B-A456-6D7283953C5C}.Release|x64.ActiveCfg = Release|x64
		{8D8DC4B5-F6CD-427B-A456-6D7283953C5C}.Release|x64.Build.0 = Release|x64
		{8D8DC4B5-F6CD-427B-A456-6D7283953C5C}.Release|x86.ActiveCfg = Release|Win32
		{8D8DC4B5-F6CD-427B-A456-6D7283953C5C}.Release|x86.Build.0 = Release|Win32
	EndGlobalSection
	GlobalSection(SolutionProperties) = preSolution
		HideSolutionNode = FALSE
	EndGlobalSection
	GlobalSection(ExtensibilityGlobals) = postSolution
		SolutionGuid = {7CAC2900-9018-44FE-B16D-699B9EFD6315}
	EndGlobalSection
EndGlobal
