
Microsoft Visual Studio Solution File, Format Version 12.00
# Visual Studio 15
VisualStudioVersion = 15.0.28307.329
MinimumVisualStudioVersion = 10.0.40219.1
Project("{8BC9CEB8-8B4A-11D0-8D11-00A0C91BC942}") = "Project1", "Project1\Project1.vcxproj", "{8EEF845F-B5A5-4582-8374-780CCC3E3530}"
EndProject
Project("{8BC9CEB8-8B4A-11D0-8D11-00A0C91BC942}") = "Project2", "..\Project2\Program10.vcxproj", "{6E0168DE-9C0B-43FB-90B3-88A1FC3C3A0D}"
EndProject
Project("{8BC9CEB8-8B4A-11D0-8D11-00A0C91BC942}") = "Project3", "..\Project3\Program12.vcxproj", "{E364BCC6-1C4E-47DE-A60C-BC9652DA932A}"
EndProject
Global
	GlobalSection(SolutionConfigurationPlatforms) = preSolution
		Debug|x64 = Debug|x64
		Debug|x86 = Debug|x86
		Release|x64 = Release|x64
		Release|x86 = Release|x86
	EndGlobalSection
	GlobalSection(ProjectConfigurationPlatforms) = postSolution
		{8EEF845F-B5A5-4582-8374-780CCC3E3530}.Debug|x64.ActiveCfg = Debug|x64
		{8EEF845F-B5A5-4582-8374-780CCC3E3530}.Debug|x64.Build.0 = Debug|x64
		{8EEF845F-B5A5-4582-8374-780CCC3E3530}.Debug|x86.ActiveCfg = Debug|Win32
		{8EEF845F-B5A5-4582-8374-780CCC3E3530}.Debug|x86.Build.0 = Debug|Win32
		{8EEF845F-B5A5-4582-8374-780CCC3E3530}.Release|x64.ActiveCfg = Release|x64
		{8EEF845F-B5A5-4582-8374-780CCC3E3530}.Release|x64.Build.0 = Release|x64
		{8EEF845F-B5A5-4582-8374-780CCC3E3530}.Release|x86.ActiveCfg = Release|Win32
		{8EEF845F-B5A5-4582-8374-780CCC3E3530}.Release|x86.Build.0 = Release|Win32
		{6E0168DE-9C0B-43FB-90B3-88A1FC3C3A0D}.Debug|x64.ActiveCfg = Debug|x64
		{6E0168DE-9C0B-43FB-90B3-88A1FC3C3A0D}.Debug|x64.Build.0 = Debug|x64
		{6E0168DE-9C0B-43FB-90B3-88A1FC3C3A0D}.Debug|x86.ActiveCfg = Debug|Win32
		{6E0168DE-9C0B-43FB-90B3-88A1FC3C3A0D}.Debug|x86.Build.0 = Debug|Win32
		{6E0168DE-9C0B-43FB-90B3-88A1FC3C3A0D}.Release|x64.ActiveCfg = Release|x64
		{6E0168DE-9C0B-43FB-90B3-88A1FC3C3A0D}.Release|x64.Build.0 = Release|x64
		{6E0168DE-9C0B-43FB-90B3-88A1FC3C3A0D}.Release|x86.ActiveCfg = Release|Win32
		{6E0168DE-9C0B-43FB-90B3-88A1FC3C3A0D}.Release|x86.Build.0 = Release|Win32
		{E364BCC6-1C4E-47DE-A60C-BC9652DA932A}.Debug|x64.ActiveCfg = Debug|x64
		{E364BCC6-1C4E-47DE-A60C-BC9652DA932A}.Debug|x64.Build.0 = Debug|x64
		{E364BCC6-1C4E-47DE-A60C-BC9652DA932A}.Debug|x86.ActiveCfg = Debug|Win32
		{E364BCC6-1C4E-47DE-A60C-BC9652DA932A}.Debug|x86.Build.0 = Debug|Win32
		{E364BCC6-1C4E-47DE-A60C-BC9652DA932A}.Release|x64.ActiveCfg = Release|x64
		{E364BCC6-1C4E-47DE-A60C-BC9652DA932A}.Release|x64.Build.0 = Release|x64
		{E364BCC6-1C4E-47DE-A60C-BC9652DA932A}.Release|x86.ActiveCfg = Release|Win32
		{E364BCC6-1C4E-47DE-A60C-BC9652DA932A}.Release|x86.Build.0 = Release|Win32
	EndGlobalSection
	GlobalSection(SolutionProperties) = preSolution
		HideSolutionNode = FALSE
	EndGlobalSection
	GlobalSection(ExtensibilityGlobals) = postSolution
		SolutionGuid = {D4584CDE-76C7-4EC2-B080-F5BFA35F2F75}
	EndGlobalSection
EndGlobal
