
Microsoft Visual Studio Solution File, Format Version 12.00
# Visual Studio 15
VisualStudioVersion = 15.0.28307.329
MinimumVisualStudioVersion = 10.0.40219.1
Project("{8BC9CEB8-8B4A-11D0-8D11-00A0C91BC942}") = "Sorting", "Sorting\Sorting.vcxproj", "{84C240FF-F743-444D-95E6-8ABF04C336DB}"
EndProject
Global
	GlobalSection(SolutionConfigurationPlatforms) = preSolution
		Debug|x64 = Debug|x64
		Debug|x86 = Debug|x86
		Release|x64 = Release|x64
		Release|x86 = Release|x86
	EndGlobalSection
	GlobalSection(ProjectConfigurationPlatforms) = postSolution
		{84C240FF-F743-444D-95E6-8ABF04C336DB}.Debug|x64.ActiveCfg = Debug|x64
		{84C240FF-F743-444D-95E6-8ABF04C336DB}.Debug|x64.Build.0 = Debug|x64
		{84C240FF-F743-444D-95E6-8ABF04C336DB}.Debug|x86.ActiveCfg = Debug|Win32
		{84C240FF-F743-444D-95E6-8ABF04C336DB}.Debug|x86.Build.0 = Debug|Win32
		{84C240FF-F743-444D-95E6-8ABF04C336DB}.Release|x64.ActiveCfg = Release|x64
		{84C240FF-F743-444D-95E6-8ABF04C336DB}.Release|x64.Build.0 = Release|x64
		{84C240FF-F743-444D-95E6-8ABF04C336DB}.Release|x86.ActiveCfg = Release|Win32
		{84C240FF-F743-444D-95E6-8ABF04C336DB}.Release|x86.Build.0 = Release|Win32
	EndGlobalSection
	GlobalSection(SolutionProperties) = preSolution
		HideSolutionNode = FALSE
	EndGlobalSection
	GlobalSection(ExtensibilityGlobals) = postSolution
		SolutionGuid = {0ACF6953-648E-4F74-BFBB-CD7CA6203E47}
	EndGlobalSection
EndGlobal
