
Microsoft Visual Studio Solution File, Format Version 12.00
# Visual Studio 15
VisualStudioVersion = 15.0.28307.329
MinimumVisualStudioVersion = 10.0.40219.1
Project("{8BC9CEB8-8B4A-11D0-8D11-00A0C91BC942}") = "Evaluation", "Evaluation\Evaluation.vcxproj", "{2AF25B8B-A7C2-464C-8674-E38AF20A0239}"
EndProject
Project("{8BC9CEB8-8B4A-11D0-8D11-00A0C91BC942}") = "Program2", "Program2\Program2.vcxproj", "{0049CB79-42E7-4C2E-B899-2FCDB2490FC8}"
EndProject
Global
	GlobalSection(SolutionConfigurationPlatforms) = preSolution
		Debug|x64 = Debug|x64
		Debug|x86 = Debug|x86
		Release|x64 = Release|x64
		Release|x86 = Release|x86
	EndGlobalSection
	GlobalSection(ProjectConfigurationPlatforms) = postSolution
		{2AF25B8B-A7C2-464C-8674-E38AF20A0239}.Debug|x64.ActiveCfg = Debug|x64
		{2AF25B8B-A7C2-464C-8674-E38AF20A0239}.Debug|x64.Build.0 = Debug|x64
		{2AF25B8B-A7C2-464C-8674-E38AF20A0239}.Debug|x86.ActiveCfg = Debug|Win32
		{2AF25B8B-A7C2-464C-8674-E38AF20A0239}.Debug|x86.Build.0 = Debug|Win32
		{2AF25B8B-A7C2-464C-8674-E38AF20A0239}.Release|x64.ActiveCfg = Release|x64
		{2AF25B8B-A7C2-464C-8674-E38AF20A0239}.Release|x64.Build.0 = Release|x64
		{2AF25B8B-A7C2-464C-8674-E38AF20A0239}.Release|x86.ActiveCfg = Release|Win32
		{2AF25B8B-A7C2-464C-8674-E38AF20A0239}.Release|x86.Build.0 = Release|Win32
		{0049CB79-42E7-4C2E-B899-2FCDB2490FC8}.Debug|x64.ActiveCfg = Debug|x64
		{0049CB79-42E7-4C2E-B899-2FCDB2490FC8}.Debug|x64.Build.0 = Debug|x64
		{0049CB79-42E7-4C2E-B899-2FCDB2490FC8}.Debug|x86.ActiveCfg = Debug|Win32
		{0049CB79-42E7-4C2E-B899-2FCDB2490FC8}.Debug|x86.Build.0 = Debug|Win32
		{0049CB79-42E7-4C2E-B899-2FCDB2490FC8}.Release|x64.ActiveCfg = Release|x64
		{0049CB79-42E7-4C2E-B899-2FCDB2490FC8}.Release|x64.Build.0 = Release|x64
		{0049CB79-42E7-4C2E-B899-2FCDB2490FC8}.Release|x86.ActiveCfg = Release|Win32
		{0049CB79-42E7-4C2E-B899-2FCDB2490FC8}.Release|x86.Build.0 = Release|Win32
	EndGlobalSection
	GlobalSection(SolutionProperties) = preSolution
		HideSolutionNode = FALSE
	EndGlobalSection
	GlobalSection(ExtensibilityGlobals) = postSolution
		SolutionGuid = {1F5A2E30-4A35-41DF-954B-1CFE86562EEC}
	EndGlobalSection
EndGlobal
